
Microsoft Visual Studio Solution File, Format Version 12.00
# Visual Studio Version 16
VisualStudioVersion = 16.0.29814.53
MinimumVisualStudioVersion = 10.0.40219.1
Project("{9A19103F-16F7-4668-BE54-9A1E7A4F7556}") = "TwitchToSpeech", "TwitchToSpeech\TwitchToSpeech.csproj", "{4F2AEDE2-F9F3-4298-956B-BAA180D5233B}"
EndProject
Global
	GlobalSection(SolutionConfigurationPlatforms) = preSolution
		Debug|Any CPU = Debug|Any CPU
		Release|Any CPU = Release|Any CPU
	EndGlobalSection
	GlobalSection(ProjectConfigurationPlatforms) = postSolution
		{4F2AEDE2-F9F3-4298-956B-BAA180D5233B}.Debug|Any CPU.ActiveCfg = Debug|Any CPU
		{4F2AEDE2-F9F3-4298-956B-BAA180D5233B}.Debug|Any CPU.Build.0 = Debug|Any CPU
		{4F2AEDE2-F9F3-4298-956B-BAA180D5233B}.Release|Any CPU.ActiveCfg = Release|Any CPU
		{4F2AEDE2-F9F3-4298-956B-BAA180D5233B}.Release|Any CPU.Build.0 = Release|Any CPU
	EndGlobalSection
	GlobalSection(SolutionProperties) = preSolution
		HideSolutionNode = FALSE
	EndGlobalSection
	GlobalSection(ExtensibilityGlobals) = postSolution
		SolutionGuid = {DFBB329D-C00D-4C3C-8028-9A74478B70E5}
	EndGlobalSection
EndGlobal
